
Microsoft Visual Studio Solution File, Format Version 12.00
# Visual Studio Version 17
VisualStudioVersion = 17.2.32516.85
MinimumVisualStudioVersion = 10.0.40219.1
Project("{FAE04EC0-301F-11D3-BF4B-00C04F79EFBC}") = "readInt", "readInt\readInt.csproj", "{9414A3CA-8436-4F23-99F9-0A93E319B247}"
EndProject
Global
	GlobalSection(SolutionConfigurationPlatforms) = preSolution
		Debug|Any CPU = Debug|Any CPU
		Release|Any CPU = Release|Any CPU
	EndGlobalSection
	GlobalSection(ProjectConfigurationPlatforms) = postSolution
		{9414A3CA-8436-4F23-99F9-0A93E319B247}.Debug|Any CPU.ActiveCfg = Debug|Any CPU
		{9414A3CA-8436-4F23-99F9-0A93E319B247}.Debug|Any CPU.Build.0 = Debug|Any CPU
		{9414A3CA-8436-4F23-99F9-0A93E319B247}.Release|Any CPU.ActiveCfg = Release|Any CPU
		{9414A3CA-8436-4F23-99F9-0A93E319B247}.Release|Any CPU.Build.0 = Release|Any CPU
	EndGlobalSection
	GlobalSection(SolutionProperties) = preSolution
		HideSolutionNode = FALSE
	EndGlobalSection
	GlobalSection(ExtensibilityGlobals) = postSolution
		SolutionGuid = {25B68997-DE85-483D-B09D-7B7B3C188746}
	EndGlobalSection
EndGlobal
